PODS:
  - EMTLoadingIndicator (4.0.0)
  - ObjectMapper (3.4.2)
  - Realm (3.12.0):
    - Realm/Headers (= 3.12.0)
  - Realm/Headers (3.12.0)
  - RealmSwift (3.12.0):
    - Realm (= 3.12.0)
  - TeslaKit (2.5):
    - ObjectMapper (~> 3.3)

DEPENDENCIES:
  - EMTLoadingIndicator (~> 4.0.0)
  - RealmSwift
  - TeslaKit (~> 2.5)

SPEC REPOS:
  https://github.com/cocoapods/specs.git:
    - EMTLoadingIndicator
    - ObjectMapper
    - Realm
    - RealmSwift
    - TeslaKit

SPEC CHECKSUMS:
  EMTLoadingIndicator: 84b875fbe500606bb9a5e411885bc152ae9a371f
  ObjectMapper: 0d4402610f4e468903ae64629eec4784531e5c51
  Realm: cdaef23c4ddb36ab1ddffed23f5a7f3332fc5585
  RealmSwift: 5576324033f0aa5ef1e0a839a3da2281dff47a7f
  TeslaKit: 2d0d6562c11d6159bdeef073701691e34db1ad63

PODFILE CHECKSUM: 92f7957f3c421770ac852211b44cdcaa876aff80

COCOAPODS: 1.6.1
