// !$*UTF8*$!
{
	archiveVersion = 1;
	classes = {
	};
	objectVersion = 50;
	objects = {

/* Begin PBXBuildFile section */
		17A11C68E9DB08EF8AB6296E /* Pods_teslamoteUITests.framework in Frameworks */ = {isa = PBXBuildFile; fileRef = 81A3C5467C60D58B389CD808 /* Pods_teslamoteUITests.framework */; };
		3B08F1CA227396A800CA761F /* SessionHandler.swift in Sources */ = {isa = PBXBuildFile; fileRef = 3B08F1C9227396A800CA761F /* SessionHandler.swift */; };
		3B08F1D22273997A00CA761F /* Pods_teslamote.framework in Frameworks */ = {isa = PBXBuildFile; fileRef = 3B08F1D12273997A00CA761F /* Pods_teslamote.framework */; };
		3B1270AD22779A68008F2F1D /* SessionManager.swift in Sources */ = {isa = PBXBuildFile; fileRef = 3B1270AC22779A68008F2F1D /* SessionManager.swift */; };
		3B4CC0DF22739F0F001C4FDA /* Login.swift in Sources */ = {isa = PBXBuildFile; fileRef = 3B4CC0DE22739F0F001C4FDA /* Login.swift */; };
		3B4CC0E122739F61001C4FDA /* AccessToken.swift in Sources */ = {isa = PBXBuildFile; fileRef = 3B4CC0E022739F61001C4FDA /* AccessToken.swift */; };
		3B754CCB22789084007F2CCB /* LocationController.swift in Sources */ = {isa = PBXBuildFile; fileRef = 3B754CCA22789084007F2CCB /* LocationController.swift */; };
		3B8818762279CF9F00D87D43 /* ClimateController.swift in Sources */ = {isa = PBXBuildFile; fileRef = 3B8818752279CF9F00D87D43 /* ClimateController.swift */; };
		3B8B753222782CC000438B5D /* ControlsController.swift in Sources */ = {isa = PBXBuildFile; fileRef = 3B8B753122782CC000438B5D /* ControlsController.swift */; };
		3BA697F3227850F4005E097B /* ChargingController.swift in Sources */ = {isa = PBXBuildFile; fileRef = 3BA697F2227850F4005E097B /* ChargingController.swift */; };
		3BEB51012272FFEC002AFDA1 /* AppDelegate.swift in Sources */ = {isa = PBXBuildFile; fileRef = 3BEB51002272FFEC002AFDA1 /* AppDelegate.swift */; };
		3BEB51032272FFEC002AFDA1 /* ViewController.swift in Sources */ = {isa = PBXBuildFile; fileRef = 3BEB51022272FFEC002AFDA1 /* ViewController.swift */; };
		3BEB51062272FFEC002AFDA1 /* Main.storyboard in Resources */ = {isa = PBXBuildFile; fileRef = 3BEB51042272FFEC002AFDA1 /* Main.storyboard */; };
		3BEB51082272FFEE002AFDA1 /* Assets.xcassets in Resources */ = {isa = PBXBuildFile; fileRef = 3BEB51072272FFEE002AFDA1 /* Assets.xcassets */; };
		3BEB510B2272FFEE002AFDA1 /* LaunchScreen.storyboard in Resources */ = {isa = PBXBuildFile; fileRef = 3BEB51092272FFEE002AFDA1 /* LaunchScreen.storyboard */; };
		3BEB51162272FFEE002AFDA1 /* teslamoteTests.swift in Sources */ = {isa = PBXBuildFile; fileRef = 3BEB51152272FFEE002AFDA1 /* teslamoteTests.swift */; };
		3BEB51212272FFEE002AFDA1 /* teslamoteUITests.swift in Sources */ = {isa = PBXBuildFile; fileRef = 3BEB51202272FFEE002AFDA1 /* teslamoteUITests.swift */; };
		3BEB51262272FFEE002AFDA1 /* teslamote WatchKit App.app in Embed Watch Content */ = {isa = PBXBuildFile; fileRef = 3BEB51252272FFEE002AFDA1 /* teslamote WatchKit App.app */; };
		3BEB512C2272FFEE002AFDA1 /* Interface.storyboard in Resources */ = {isa = PBXBuildFile; fileRef = 3BEB512A2272FFEE002AFDA1 /* Interface.storyboard */; };
		3BEB512E2272FFEF002AFDA1 /* Assets.xcassets in Resources */ = {isa = PBXBuildFile; fileRef = 3BEB512D2272FFEF002AFDA1 /* Assets.xcassets */; };
		3BEB51352272FFEF002AFDA1 /* teslamote WatchKit Extension.appex in Embed App Extensions */ = {isa = PBXBuildFile; fileRef = 3BEB51342272FFEF002AFDA1 /* teslamote WatchKit Extension.appex */; settings = {ATTRIBUTES = (RemoveHeadersOnCopy, ); }; };
		3BEB513A2272FFEF002AFDA1 /* InterfaceController.swift in Sources */ = {isa = PBXBuildFile; fileRef = 3BEB51392272FFEF002AFDA1 /* InterfaceController.swift */; };
		3BEB513C2272FFEF002AFDA1 /* ExtensionDelegate.swift in Sources */ = {isa = PBXBuildFile; fileRef = 3BEB513B2272FFEF002AFDA1 /* ExtensionDelegate.swift */; };
		3BEB513E2272FFEF002AFDA1 /* NotificationController.swift in Sources */ = {isa = PBXBuildFile; fileRef = 3BEB513D2272FFEF002AFDA1 /* NotificationController.swift */; };
		3BEB51402272FFF0002AFDA1 /* Assets.xcassets in Resources */ = {isa = PBXBuildFile; fileRef = 3BEB513F2272FFF0002AFDA1 /* Assets.xcassets */; };
		4CC712A1D62C21F264611D85 /* Pods_teslamote_WatchKit_Extension.framework in Frameworks */ = {isa = PBXBuildFile; fileRef = 319858A2880AB3E323E2E475 /* Pods_teslamote_WatchKit_Extension.framework */; };
		55F3F183135CEC64ADCDBCFE /* libPods-teslamote WatchKit App.a in Frameworks */ = {isa = PBXBuildFile; fileRef = 1EE4FE2EA45775A5C054963A /* libPods-teslamote WatchKit App.a */; };
		A5306B4312BC0F84116C4E4B /* Pods_teslamoteTests.framework in Frameworks */ = {isa = PBXBuildFile; fileRef = C3E9394FE5CD92615A052ED8 /* Pods_teslamoteTests.framework */; };
/* End PBXBuildFile section */

/* Begin PBXContainerItemProxy section */
		3BEB51122272FFEE002AFDA1 /* PBXContainerItemProxy */ = {
			isa = PBXContainerItemProxy;
			containerPortal = 3BEB50F52272FFEC002AFDA1 /* Project object */;
			proxyType = 1;
			remoteGlobalIDString = 3BEB50FC2272FFEC002AFDA1;
			remoteInfo = teslamote;
		};
		3BEB511D2272FFEE002AFDA1 /* PBXContainerItemProxy */ = {
			isa = PBXContainerItemProxy;
			containerPortal = 3BEB50F52272FFEC002AFDA1 /* Project object */;
			proxyType = 1;
			remoteGlobalIDString = 3BEB50FC2272FFEC002AFDA1;
			remoteInfo = teslamote;
		};
		3BEB51272272FFEE002AFDA1 /* PBXContainerItemProxy */ = {
			isa = PBXContainerItemProxy;
			containerPortal = 3BEB50F52272FFEC002AFDA1 /* Project object */;
			proxyType = 1;
			remoteGlobalIDString = 3BEB51242272FFEE002AFDA1;
			remoteInfo = "teslamote WatchKit App";
		};
		3BEB51362272FFEF002AFDA1 /* PBXContainerItemProxy */ = {
			isa = PBXContainerItemProxy;
			containerPortal = 3BEB50F52272FFEC002AFDA1 /* Project object */;
			proxyType = 1;
			remoteGlobalIDString = 3BEB51332272FFEF002AFDA1;
			remoteInfo = "teslamote WatchKit Extension";
		};
/* End PBXContainerItemProxy section */

/* Begin PBXCopyFilesBuildPhase section */
		3BEB51482272FFF0002AFDA1 /* Embed App Extensions */ = {
			isa = PBXCopyFilesBuildPhase;
			buildActionMask = 2147483647;
			dstPath = "";
			dstSubfolderSpec = 13;
			files = (
				3BEB51352272FFEF002AFDA1 /* teslamote WatchKit Extension.appex in Embed App Extensions */,
			);
			name = "Embed App Extensions";
			runOnlyForDeploymentPostprocessing = 0;
		};
		3BEB514C2272FFF0002AFDA1 /* Embed Watch Content */ = {
			isa = PBXCopyFilesBuildPhase;
			buildActionMask = 2147483647;
			dstPath = "$(CONTENTS_FOLDER_PATH)/Watch";
			dstSubfolderSpec = 16;
			files = (
				3BEB51262272FFEE002AFDA1 /* teslamote WatchKit App.app in Embed Watch Content */,
			);
			name = "Embed Watch Content";
			runOnlyForDeploymentPostprocessing = 0;
		};
/* End PBXCopyFilesBuildPhase section */

/* Begin PBXFileReference section */
		0C775A9766D07500AD447822 /* Pods_teslamote.framework */ = {isa = PBXFileReference; explicitFileType = wrapper.framework; includeInIndex = 0; path = Pods_teslamote.framework; sourceTree = BUILT_PRODUCTS_DIR; };
		1EE4FE2EA45775A5C054963A /* libPods-teslamote WatchKit App.a */ = {isa = PBXFileReference; explicitFileType = archive.ar; includeInIndex = 0; path = "libPods-teslamote WatchKit App.a"; sourceTree = BUILT_PRODUCTS_DIR; };
		319858A2880AB3E323E2E475 /* Pods_teslamote_WatchKit_Extension.framework */ = {isa = PBXFileReference; explicitFileType = wrapper.framework; includeInIndex = 0; path = Pods_teslamote_WatchKit_Extension.framework; sourceTree = BUILT_PRODUCTS_DIR; };
		3B08F1C9227396A800CA761F /* SessionHandler.swift */ = {isa = PBXFileReference; lastKnownFileType = sourcecode.swift; path = SessionHandler.swift; sourceTree = "<group>"; };
		3B08F1D12273997A00CA761F /* Pods_teslamote.framework */ = {isa = PBXFileReference; explicitFileType = wrapper.framework; path = Pods_teslamote.framework; sourceTree = BUILT_PRODUCTS_DIR; };
		3B08F1D32273998000CA761F /* TeslaKit.framework */ = {isa = PBXFileReference; explicitFileType = wrapper.framework; path = TeslaKit.framework; sourceTree = BUILT_PRODUCTS_DIR; };
		3B08F1D92273999A00CA761F /* TeslaKit.framework */ = {isa = PBXFileReference; explicitFileType = wrapper.framework; path = TeslaKit.framework; sourceTree = BUILT_PRODUCTS_DIR; };
		3B1270AC22779A68008F2F1D /* SessionManager.swift */ = {isa = PBXFileReference; lastKnownFileType = sourcecode.swift; path = SessionManager.swift; sourceTree = "<group>"; };
		3B2BF50B2274BF840031CCE8 /* teslamote.entitlements */ = {isa = PBXFileReference; lastKnownFileType = text.plist.entitlements; path = teslamote.entitlements; sourceTree = "<group>"; };
		3B317AC166AC49DD7ECB0156 /* Pods-teslamote WatchKit Extension.release.xcconfig */ = {isa = PBXFileReference; includeInIndex = 1; lastKnownFileType = text.xcconfig; name = "Pods-teslamote WatchKit Extension.release.xcconfig"; path = "Pods/Target Support Files/Pods-teslamote WatchKit Extension/Pods-teslamote WatchKit Extension.release.xcconfig"; sourceTree = "<group>"; };
		3B4CC0DE22739F0F001C4FDA /* Login.swift */ = {isa = PBXFileReference; lastKnownFileType = sourcecode.swift; path = Login.swift; sourceTree = "<group>"; };
		3B4CC0E022739F61001C4FDA /* AccessToken.swift */ = {isa = PBXFileReference; lastKnownFileType = sourcecode.swift; path = AccessToken.swift; sourceTree = "<group>"; };
		3B754CCA22789084007F2CCB /* LocationController.swift */ = {isa = PBXFileReference; lastKnownFileType = sourcecode.swift; path = LocationController.swift; sourceTree = "<group>"; };
		3B7EB68E22733B2700526F48 /* TeslaKit.framework */ = {isa = PBXFileReference; explicitFileType = wrapper.framework; path = TeslaKit.framework; sourceTree = BUILT_PRODUCTS_DIR; };
		3B7EB69022733B2700526F48 /* TeslaKit.framework */ = {isa = PBXFileReference; explicitFileType = wrapper.framework; path = TeslaKit.framework; sourceTree = BUILT_PRODUCTS_DIR; };
		3B8818752279CF9F00D87D43 /* ClimateController.swift */ = {isa = PBXFileReference; lastKnownFileType = sourcecode.swift; path = ClimateController.swift; sourceTree = "<group>"; };
		3B8B753122782CC000438B5D /* ControlsController.swift */ = {isa = PBXFileReference; lastKnownFileType = sourcecode.swift; path = ControlsController.swift; sourceTree = "<group>"; };
		3BA697F2227850F4005E097B /* ChargingController.swift */ = {isa = PBXFileReference; lastKnownFileType = sourcecode.swift; path = ChargingController.swift; sourceTree = "<group>"; };
		3BEB50FD2272FFEC002AFDA1 /* teslamote.app */ = {isa = PBXFileReference; explicitFileType = wrapper.application; includeInIndex = 0; path = teslamote.app; sourceTree = BUILT_PRODUCTS_DIR; };
		3BEB51002272FFEC002AFDA1 /* AppDelegate.swift */ = {isa = PBXFileReference; lastKnownFileType = sourcecode.swift; path = AppDelegate.swift; sourceTree = "<group>"; };
		3BEB51022272FFEC002AFDA1 /* ViewController.swift */ = {isa = PBXFileReference; lastKnownFileType = sourcecode.swift; path = ViewController.swift; sourceTree = "<group>"; };
		3BEB51052272FFEC002AFDA1 /* Base */ = {isa = PBXFileReference; lastKnownFileType = file.storyboard; name = Base; path = Base.lproj/Main.storyboard; sourceTree = "<group>"; };
		3BEB51072272FFEE002AFDA1 /* Assets.xcassets */ = {isa = PBXFileReference; lastKnownFileType = folder.assetcatalog; path = Assets.xcassets; sourceTree = "<group>"; };
		3BEB510A2272FFEE002AFDA1 /* Base */ = {isa = PBXFileReference; lastKnownFileType = file.storyboard; name = Base; path = Base.lproj/LaunchScreen.storyboard; sourceTree = "<group>"; };
		3BEB510C2272FFEE002AFDA1 /* Info.plist */ = {isa = PBXFileReference; lastKnownFileType = text.plist.xml; path = Info.plist; sourceTree = "<group>"; };
		3BEB51112272FFEE002AFDA1 /* teslamoteTests.xctest */ = {isa = PBXFileReference; explicitFileType = wrapper.cfbundle; includeInIndex = 0; path = teslamoteTests.xctest; sourceTree = BUILT_PRODUCTS_DIR; };
		3BEB51152272FFEE002AFDA1 /* teslamoteTests.swift */ = {isa = PBXFileReference; lastKnownFileType = sourcecode.swift; path = teslamoteTests.swift; sourceTree = "<group>"; };
		3BEB51172272FFEE002AFDA1 /* Info.plist */ = {isa = PBXFileReference; lastKnownFileType = text.plist.xml; path = Info.plist; sourceTree = "<group>"; };
		3BEB511C2272FFEE002AFDA1 /* teslamoteUITests.xctest */ = {isa = PBXFileReference; explicitFileType = wrapper.cfbundle; includeInIndex = 0; path = teslamoteUITests.xctest; sourceTree = BUILT_PRODUCTS_DIR; };
		3BEB51202272FFEE002AFDA1 /* teslamoteUITests.swift */ = {isa = PBXFileReference; lastKnownFileType = sourcecode.swift; path = teslamoteUITests.swift; sourceTree = "<group>"; };
		3BEB51222272FFEE002AFDA1 /* Info.plist */ = {isa = PBXFileReference; lastKnownFileType = text.plist.xml; path = Info.plist; sourceTree = "<group>"; };
		3BEB51252272FFEE002AFDA1 /* teslamote WatchKit App.app */ = {isa = PBXFileReference; explicitFileType = wrapper.application; includeInIndex = 0; path = "teslamote WatchKit App.app"; sourceTree = BUILT_PRODUCTS_DIR; };
		3BEB512B2272FFEE002AFDA1 /* Base */ = {isa = PBXFileReference; lastKnownFileType = file.storyboard; name = Base; path = Base.lproj/Interface.storyboard; sourceTree = "<group>"; };
		3BEB512D2272FFEF002AFDA1 /* Assets.xcassets */ = {isa = PBXFileReference; lastKnownFileType = folder.assetcatalog; path = Assets.xcassets; sourceTree = "<group>"; };
		3BEB512F2272FFEF002AFDA1 /* Info.plist */ = {isa = PBXFileReference; lastKnownFileType = text.plist.xml; path = Info.plist; sourceTree = "<group>"; };
		3BEB51342272FFEF002AFDA1 /* teslamote WatchKit Extension.appex */ = {isa = PBXFileReference; explicitFileType = "wrapper.app-extension"; includeInIndex = 0; path = "teslamote WatchKit Extension.appex"; sourceTree = BUILT_PRODUCTS_DIR; };
		3BEB51392272FFEF002AFDA1 /* InterfaceController.swift */ = {isa = PBXFileReference; lastKnownFileType = sourcecode.swift; path = InterfaceController.swift; sourceTree = "<group>"; };
		3BEB513B2272FFEF002AFDA1 /* ExtensionDelegate.swift */ = {isa = PBXFileReference; lastKnownFileType = sourcecode.swift; path = ExtensionDelegate.swift; sourceTree = "<group>"; };
		3BEB513D2272FFEF002AFDA1 /* NotificationController.swift */ = {isa = PBXFileReference; lastKnownFileType = sourcecode.swift; path = NotificationController.swift; sourceTree = "<group>"; };
		3BEB513F2272FFF0002AFDA1 /* Assets.xcassets */ = {isa = PBXFileReference; lastKnownFileType = folder.assetcatalog; path = Assets.xcassets; sourceTree = "<group>"; };
		3BEB51412272FFF0002AFDA1 /* Info.plist */ = {isa = PBXFileReference; lastKnownFileType = text.plist.xml; path = Info.plist; sourceTree = "<group>"; };
		3BEB51422272FFF0002AFDA1 /* PushNotificationPayload.apns */ = {isa = PBXFileReference; lastKnownFileType = text; path = PushNotificationPayload.apns; sourceTree = "<group>"; };
		3D4F35ED91C1BE32F1F0158F /* Pods-teslamoteUITests.debug.xcconfig */ = {isa = PBXFileReference; includeInIndex = 1; lastKnownFileType = text.xcconfig; name = "Pods-teslamoteUITests.debug.xcconfig"; path = "Pods/Target Support Files/Pods-teslamoteUITests/Pods-teslamoteUITests.debug.xcconfig"; sourceTree = "<group>"; };
		4AE19EA8BBD67053757B6A97 /* Pods-teslamoteUITests.release.xcconfig */ = {isa = PBXFileReference; includeInIndex = 1; lastKnownFileType = text.xcconfig; name = "Pods-teslamoteUITests.release.xcconfig"; path = "Pods/Target Support Files/Pods-teslamoteUITests/Pods-teslamoteUITests.release.xcconfig"; sourceTree = "<group>"; };
		66F13300EA99F075115D07AC /* Pods-teslamote WatchKit App.debug.xcconfig */ = {isa = PBXFileReference; includeInIndex = 1; lastKnownFileType = text.xcconfig; name = "Pods-teslamote WatchKit App.debug.xcconfig"; path = "Pods/Target Support Files/Pods-teslamote WatchKit App/Pods-teslamote WatchKit App.debug.xcconfig"; sourceTree = "<group>"; };
		81A3C5467C60D58B389CD808 /* Pods_teslamoteUITests.framework */ = {isa = PBXFileReference; explicitFileType = wrapper.framework; includeInIndex = 0; path = Pods_teslamoteUITests.framework; sourceTree = BUILT_PRODUCTS_DIR; };
		9A6B9295A302FA0A6026367D /* Pods-teslamote.release.xcconfig */ = {isa = PBXFileReference; includeInIndex = 1; lastKnownFileType = text.xcconfig; name = "Pods-teslamote.release.xcconfig"; path = "Pods/Target Support Files/Pods-teslamote/Pods-teslamote.release.xcconfig"; sourceTree = "<group>"; };
		B63445DFF6869541AE2C8BEA /* Pods-teslamoteTests.debug.xcconfig */ = {isa = PBXFileReference; includeInIndex = 1; lastKnownFileType = text.xcconfig; name = "Pods-teslamoteTests.debug.xcconfig"; path = "Pods/Target Support Files/Pods-teslamoteTests/Pods-teslamoteTests.debug.xcconfig"; sourceTree = "<group>"; };
		C1E1B12250DE19E78F9A49E3 /* Pods-teslamote WatchKit App.release.xcconfig */ = {isa = PBXFileReference; includeInIndex = 1; lastKnownFileType = text.xcconfig; name = "Pods-teslamote WatchKit App.release.xcconfig"; path = "Pods/Target Support Files/Pods-teslamote WatchKit App/Pods-teslamote WatchKit App.release.xcconfig"; sourceTree = "<group>"; };
		C3E9394FE5CD92615A052ED8 /* Pods_teslamoteTests.framework */ = {isa = PBXFileReference; explicitFileType = wrapper.framework; includeInIndex = 0; path = Pods_teslamoteTests.framework; sourceTree = BUILT_PRODUCTS_DIR; };
		C5B23ECA4C1EEA10CC8AAA61 /* Pods-teslamoteTests.release.xcconfig */ = {isa = PBXFileReference; includeInIndex = 1; lastKnownFileType = text.xcconfig; name = "Pods-teslamoteTests.release.xcconfig"; path = "Pods/Target Support Files/Pods-teslamoteTests/Pods-teslamoteTests.release.xcconfig"; sourceTree = "<group>"; };
		EF119DCC4445B1B358B5B284 /* Pods-teslamote WatchKit Extension.debug.xcconfig */ = {isa = PBXFileReference; includeInIndex = 1; lastKnownFileType = text.xcconfig; name = "Pods-teslamote WatchKit Extension.debug.xcconfig"; path = "Pods/Target Support Files/Pods-teslamote WatchKit Extension/Pods-teslamote WatchKit Extension.debug.xcconfig"; sourceTree = "<group>"; };
		FA3522F6FEF393CF1F7DBCA6 /* Pods-teslamote.debug.xcconfig */ = {isa = PBXFileReference; includeInIndex = 1; lastKnownFileType = text.xcconfig; name = "Pods-teslamote.debug.xcconfig"; path = "Pods/Target Support Files/Pods-teslamote/Pods-teslamote.debug.xcconfig"; sourceTree = "<group>"; };
/* End PBXFileReference section */

/* Begin PBXFrameworksBuildPhase section */
		3BEB50FA2272FFEC002AFDA1 /* Frameworks */ = {
			isa = PBXFrameworksBuildPhase;
			buildActionMask = 2147483647;
			files = (
				3B08F1D22273997A00CA761F /* Pods_teslamote.framework in Frameworks */,
			);
			runOnlyForDeploymentPostprocessing = 0;
		};
		3BEB510E2272FFEE002AFDA1 /* Frameworks */ = {
			isa = PBXFrameworksBuildPhase;
			buildActionMask = 2147483647;
			files = (
				A5306B4312BC0F84116C4E4B /* Pods_teslamoteTests.framework in Frameworks */,
			);
			runOnlyForDeploymentPostprocessing = 0;
		};
		3BEB51192272FFEE002AFDA1 /* Frameworks */ = {
			isa = PBXFrameworksBuildPhase;
			buildActionMask = 2147483647;
			files = (
				17A11C68E9DB08EF8AB6296E /* Pods_teslamoteUITests.framework in Frameworks */,
			);
			runOnlyForDeploymentPostprocessing = 0;
		};
		3BEB51312272FFEF002AFDA1 /* Frameworks */ = {
			isa = PBXFrameworksBuildPhase;
			buildActionMask = 2147483647;
			files = (
				4CC712A1D62C21F264611D85 /* Pods_teslamote_WatchKit_Extension.framework in Frameworks */,
			);
			runOnlyForDeploymentPostprocessing = 0;
		};
		8E05BE5B7AE916BC013417D6 /* Frameworks */ = {
			isa = PBXFrameworksBuildPhase;
			buildActionMask = 2147483647;
			files = (
				55F3F183135CEC64ADCDBCFE /* libPods-teslamote WatchKit App.a in Frameworks */,
			);
			runOnlyForDeploymentPostprocessing = 0;
		};
/* End PBXFrameworksBuildPhase section */

/* Begin PBXGroup section */
		2BD43489F6BD28E6594C2B27 /* Frameworks */ = {
			isa = PBXGroup;
			children = (
				3B08F1D92273999A00CA761F /* TeslaKit.framework */,
				3B08F1D32273998000CA761F /* TeslaKit.framework */,
				3B08F1D12273997A00CA761F /* Pods_teslamote.framework */,
				3B7EB68E22733B2700526F48 /* TeslaKit.framework */,
				3B7EB69022733B2700526F48 /* TeslaKit.framework */,
				0C775A9766D07500AD447822 /* Pods_teslamote.framework */,
				319858A2880AB3E323E2E475 /* Pods_teslamote_WatchKit_Extension.framework */,
				C3E9394FE5CD92615A052ED8 /* Pods_teslamoteTests.framework */,
				81A3C5467C60D58B389CD808 /* Pods_teslamoteUITests.framework */,
				1EE4FE2EA45775A5C054963A /* libPods-teslamote WatchKit App.a */,
			);
			name = Frameworks;
			sourceTree = "<group>";
		};
		3B4CC0DD22739F01001C4FDA /* model */ = {
			isa = PBXGroup;
			children = (
				3B4CC0DE22739F0F001C4FDA /* Login.swift */,
				3B4CC0E022739F61001C4FDA /* AccessToken.swift */,
			);
			path = model;
			sourceTree = "<group>";
		};
		3B8B753322782CD200438B5D /* Controller */ = {
			isa = PBXGroup;
			children = (
				3B8B753122782CC000438B5D /* ControlsController.swift */,
				3BEB51392272FFEF002AFDA1 /* InterfaceController.swift */,
				3BA697F2227850F4005E097B /* ChargingController.swift */,
				3B754CCA22789084007F2CCB /* LocationController.swift */,
				3B8818752279CF9F00D87D43 /* ClimateController.swift */,
			);
			path = Controller;
			sourceTree = "<group>";
		};
		3BEB50F42272FFEC002AFDA1 = {
			isa = PBXGroup;
			children = (
				3BEB50FF2272FFEC002AFDA1 /* teslamote */,
				3BEB51142272FFEE002AFDA1 /* teslamoteTests */,
				3BEB511F2272FFEE002AFDA1 /* teslamoteUITests */,
				3BEB51292272FFEE002AFDA1 /* teslamote WatchKit App */,
				3BEB51382272FFEF002AFDA1 /* teslamote WatchKit Extension */,
				3BEB50FE2272FFEC002AFDA1 /* Products */,
				87CDADD061F2E0F6F31D93D3 /* Pods */,
				2BD43489F6BD28E6594C2B27 /* Frameworks */,
			);
			sourceTree = "<group>";
		};
		3BEB50FE2272FFEC002AFDA1 /* Products */ = {
			isa = PBXGroup;
			children = (
				3BEB50FD2272FFEC002AFDA1 /* teslamote.app */,
				3BEB51112272FFEE002AFDA1 /* teslamoteTests.xctest */,
				3BEB511C2272FFEE002AFDA1 /* teslamoteUITests.xctest */,
				3BEB51252272FFEE002AFDA1 /* teslamote WatchKit App.app */,
				3BEB51342272FFEF002AFDA1 /* teslamote WatchKit Extension.appex */,
			);
			name = Products;
			sourceTree = "<group>";
		};
		3BEB50FF2272FFEC002AFDA1 /* teslamote */ = {
			isa = PBXGroup;
			children = (
				3B2BF50B2274BF840031CCE8 /* teslamote.entitlements */,
				3B4CC0DD22739F01001C4FDA /* model */,
				3BEB51002272FFEC002AFDA1 /* AppDelegate.swift */,
				3BEB51022272FFEC002AFDA1 /* ViewController.swift */,
				3BEB51042272FFEC002AFDA1 /* Main.storyboard */,
				3BEB51072272FFEE002AFDA1 /* Assets.xcassets */,
				3BEB51092272FFEE002AFDA1 /* LaunchScreen.storyboard */,
				3BEB510C2272FFEE002AFDA1 /* Info.plist */,
				3B08F1C9227396A800CA761F /* SessionHandler.swift */,
			);
			path = teslamote;
			sourceTree = "<group>";
		};
		3BEB51142272FFEE002AFDA1 /* teslamoteTests */ = {
			isa = PBXGroup;
			children = (
				3BEB51152272FFEE002AFDA1 /* teslamoteTests.swift */,
				3BEB51172272FFEE002AFDA1 /* Info.plist */,
			);
			path = teslamoteTests;
			sourceTree = "<group>";
		};
		3BEB511F2272FFEE002AFDA1 /* teslamoteUITests */ = {
			isa = PBXGroup;
			children = (
				3BEB51202272FFEE002AFDA1 /* teslamoteUITests.swift */,
				3BEB51222272FFEE002AFDA1 /* Info.plist */,
			);
			path = teslamoteUITests;
			sourceTree = "<group>";
		};
		3BEB51292272FFEE002AFDA1 /* teslamote WatchKit App */ = {
			isa = PBXGroup;
			children = (
				3BEB512A2272FFEE002AFDA1 /* Interface.storyboard */,
				3BEB512D2272FFEF002AFDA1 /* Assets.xcassets */,
				3BEB512F2272FFEF002AFDA1 /* Info.plist */,
			);
			path = "teslamote WatchKit App";
			sourceTree = "<group>";
		};
		3BEB51382272FFEF002AFDA1 /* teslamote WatchKit Extension */ = {
			isa = PBXGroup;
			children = (
				3B8B753322782CD200438B5D /* Controller */,
				3BEB513B2272FFEF002AFDA1 /* ExtensionDelegate.swift */,
				3BEB513D2272FFEF002AFDA1 /* NotificationController.swift */,
				3BEB513F2272FFF0002AFDA1 /* Assets.xcassets */,
				3BEB51412272FFF0002AFDA1 /* Info.plist */,
				3BEB51422272FFF0002AFDA1 /* PushNotificationPayload.apns */,
				3B1270AC22779A68008F2F1D /* SessionManager.swift */,
			);
			path = "teslamote WatchKit Extension";
			sourceTree = "<group>";
		};
		87CDADD061F2E0F6F31D93D3 /* Pods */ = {
			isa = PBXGroup;
			children = (
				FA3522F6FEF393CF1F7DBCA6 /* Pods-teslamote.debug.xcconfig */,
				9A6B9295A302FA0A6026367D /* Pods-teslamote.release.xcconfig */,
				66F13300EA99F075115D07AC /* Pods-teslamote WatchKit App.debug.xcconfig */,
				C1E1B12250DE19E78F9A49E3 /* Pods-teslamote WatchKit App.release.xcconfig */,
				EF119DCC4445B1B358B5B284 /* Pods-teslamote WatchKit Extension.debug.xcconfig */,
				3B317AC166AC49DD7ECB0156 /* Pods-teslamote WatchKit Extension.release.xcconfig */,
				B63445DFF6869541AE2C8BEA /* Pods-teslamoteTests.debug.xcconfig */,
				C5B23ECA4C1EEA10CC8AAA61 /* Pods-teslamoteTests.release.xcconfig */,
				3D4F35ED91C1BE32F1F0158F /* Pods-teslamoteUITests.debug.xcconfig */,
				4AE19EA8BBD67053757B6A97 /* Pods-teslamoteUITests.release.xcconfig */,
			);
			name = Pods;
			sourceTree = "<group>";
		};
/* End PBXGroup section */

/* Begin PBXNativeTarget section */
		3BEB50FC2272FFEC002AFDA1 /* teslamote */ = {
			isa = PBXNativeTarget;
			buildConfigurationList = 3BEB514D2272FFF0002AFDA1 /* Build configuration list for PBXNativeTarget "teslamote" */;
			buildPhases = (
				FE2FC6C40B07D8DE3E02E457 /* [CP] Check Pods Manifest.lock */,
				3BEB50F92272FFEC002AFDA1 /* Sources */,
				3BEB50FA2272FFEC002AFDA1 /* Frameworks */,
				3BEB50FB2272FFEC002AFDA1 /* Resources */,
				3BEB514C2272FFF0002AFDA1 /* Embed Watch Content */,
				386E16BED2B60CC8504FDA1C /* [CP] Embed Pods Frameworks */,
			);
			buildRules = (
			);
			dependencies = (
				3BEB51282272FFEE002AFDA1 /* PBXTargetDependency */,
			);
			name = teslamote;
			productName = teslamote;
			productReference = 3BEB50FD2272FFEC002AFDA1 /* teslamote.app */;
			productType = "com.apple.product-type.application";
		};
		3BEB51102272FFEE002AFDA1 /* teslamoteTests */ = {
			isa = PBXNativeTarget;
			buildConfigurationList = 3BEB51502272FFF0002AFDA1 /* Build configuration list for PBXNativeTarget "teslamoteTests" */;
			buildPhases = (
				662571BA017FCE3DCBE5253B /* [CP] Check Pods Manifest.lock */,
				3BEB510D2272FFEE002AFDA1 /* Sources */,
				3BEB510E2272FFEE002AFDA1 /* Frameworks */,
				3BEB510F2272FFEE002AFDA1 /* Resources */,
			);
			buildRules = (
			);
			dependencies = (
				3BEB51132272FFEE002AFDA1 /* PBXTargetDependency */,
			);
			name = teslamoteTests;
			productName = teslamoteTests;
			productReference = 3BEB51112272FFEE002AFDA1 /* teslamoteTests.xctest */;
			productType = "com.apple.product-type.bundle.unit-test";
		};
		3BEB511B2272FFEE002AFDA1 /* teslamoteUITests */ = {
			isa = PBXNativeTarget;
			buildConfigurationList = 3BEB51532272FFF0002AFDA1 /* Build configuration list for PBXNativeTarget "teslamoteUITests" */;
			buildPhases = (
				7C1A0DE68EEE6E797F6016A4 /* [CP] Check Pods Manifest.lock */,
				3BEB51182272FFEE002AFDA1 /* Sources */,
				3BEB51192272FFEE002AFDA1 /* Frameworks */,
				3BEB511A2272FFEE002AFDA1 /* Resources */,
			);
			buildRules = (
			);
			dependencies = (
				3BEB511E2272FFEE002AFDA1 /* PBXTargetDependency */,
			);
			name = teslamoteUITests;
			productName = teslamoteUITests;
			productReference = 3BEB511C2272FFEE002AFDA1 /* teslamoteUITests.xctest */;
			productType = "com.apple.product-type.bundle.ui-testing";
		};
		3BEB51242272FFEE002AFDA1 /* teslamote WatchKit App */ = {
			isa = PBXNativeTarget;
			buildConfigurationList = 3BEB51492272FFF0002AFDA1 /* Build configuration list for PBXNativeTarget "teslamote WatchKit App" */;
			buildPhases = (
				0D873F2B388A73DEB224004A /* [CP] Check Pods Manifest.lock */,
				3BEB51232272FFEE002AFDA1 /* Resources */,
				3BEB51482272FFF0002AFDA1 /* Embed App Extensions */,
				8E05BE5B7AE916BC013417D6 /* Frameworks */,
			);
			buildRules = (
			);
			dependencies = (
				3BEB51372272FFEF002AFDA1 /* PBXTargetDependency */,
			);
			name = "teslamote WatchKit App";
			productName = "teslamote WatchKit App";
			productReference = 3BEB51252272FFEE002AFDA1 /* teslamote WatchKit App.app */;
			productType = "com.apple.product-type.application.watchapp2";
		};
		3BEB51332272FFEF002AFDA1 /* teslamote WatchKit Extension */ = {
			isa = PBXNativeTarget;
			buildConfigurationList = 3BEB51452272FFF0002AFDA1 /* Build configuration list for PBXNativeTarget "teslamote WatchKit Extension" */;
			buildPhases = (
				EB7997F4F4BB89918C9080F6 /* [CP] Check Pods Manifest.lock */,
				3BEB51302272FFEF002AFDA1 /* Sources */,
				3BEB51312272FFEF002AFDA1 /* Frameworks */,
				3BEB51322272FFEF002AFDA1 /* Resources */,
				CDB166D3BAFC86D349024DDC /* [CP] Embed Pods Frameworks */,
			);
			buildRules = (
			);
			dependencies = (
			);
			name = "teslamote WatchKit Extension";
			productName = "teslamote WatchKit Extension";
			productReference = 3BEB51342272FFEF002AFDA1 /* teslamote WatchKit Extension.appex */;
			productType = "com.apple.product-type.watchkit2-extension";
		};
/* End PBXNativeTarget section */

/* Begin PBXProject section */
		3BEB50F52272FFEC002AFDA1 /* Project object */ = {
			isa = PBXProject;
			attributes = {
				LastSwiftUpdateCheck = 1020;
				LastUpgradeCheck = 1020;
				ORGANIZATIONNAME = "Tobias Lüscher";
				TargetAttributes = {
					3BEB50FC2272FFEC002AFDA1 = {
						CreatedOnToolsVersion = 10.2.1;
						SystemCapabilities = {
							com.apple.iCloud = {
								enabled = 1;
							};
						};
					};
					3BEB51102272FFEE002AFDA1 = {
						CreatedOnToolsVersion = 10.2.1;
						TestTargetID = 3BEB50FC2272FFEC002AFDA1;
					};
					3BEB511B2272FFEE002AFDA1 = {
						CreatedOnToolsVersion = 10.2.1;
						TestTargetID = 3BEB50FC2272FFEC002AFDA1;
					};
					3BEB51242272FFEE002AFDA1 = {
						CreatedOnToolsVersion = 10.2.1;
					};
					3BEB51332272FFEF002AFDA1 = {
						CreatedOnToolsVersion = 10.2.1;
					};
				};
			};
			buildConfigurationList = 3BEB50F82272FFEC002AFDA1 /* Build configuration list for PBXProject "teslamote" */;
			compatibilityVersion = "Xcode 9.3";
			developmentRegion = en;
			hasScannedForEncodings = 0;
			knownRegions = (
				en,
				Base,
			);
			mainGroup = 3BEB50F42272FFEC002AFDA1;
			productRefGroup = 3BEB50FE2272FFEC002AFDA1 /* Products */;
			projectDirPath = "";
			projectRoot = "";
			targets = (
				3BEB50FC2272FFEC002AFDA1 /* teslamote */,
				3BEB51102272FFEE002AFDA1 /* teslamoteTests */,
				3BEB511B2272FFEE002AFDA1 /* teslamoteUITests */,
				3BEB51242272FFEE002AFDA1 /* teslamote WatchKit App */,
				3BEB51332272FFEF002AFDA1 /* teslamote WatchKit Extension */,
			);
		};
/* End PBXProject section */

/* Begin PBXResourcesBuildPhase section */
		3BEB50FB2272FFEC002AFDA1 /* Resources */ = {
			isa = PBXResourcesBuildPhase;
			buildActionMask = 2147483647;
			files = (
				3BEB510B2272FFEE002AFDA1 /* LaunchScreen.storyboard in Resources */,
				3BEB51082272FFEE002AFDA1 /* Assets.xcassets in Resources */,
				3BEB51062272FFEC002AFDA1 /* Main.storyboard in Resources */,
			);
			runOnlyForDeploymentPostprocessing = 0;
		};
		3BEB510F2272FFEE002AFDA1 /* Resources */ = {
			isa = PBXResourcesBuildPhase;
			buildActionMask = 2147483647;
			files = (
			);
			runOnlyForDeploymentPostprocessing = 0;
		};
		3BEB511A2272FFEE002AFDA1 /* Resources */ = {
			isa = PBXResourcesBuildPhase;
			buildActionMask = 2147483647;
			files = (
			);
			runOnlyForDeploymentPostprocessing = 0;
		};
		3BEB51232272FFEE002AFDA1 /* Resources */ = {
			isa = PBXResourcesBuildPhase;
			buildActionMask = 2147483647;
			files = (
				3BEB512E2272FFEF002AFDA1 /* Assets.xcassets in Resources */,
				3BEB512C2272FFEE002AFDA1 /* Interface.storyboard in Resources */,
			);
			runOnlyForDeploymentPostprocessing = 0;
		};
		3BEB51322272FFEF002AFDA1 /* Resources */ = {
			isa = PBXResourcesBuildPhase;
			buildActionMask = 2147483647;
			files = (
				3BEB51402272FFF0002AFDA1 /* Assets.xcassets in Resources */,
			);
			runOnlyForDeploymentPostprocessing = 0;
		};
/* End PBXResourcesBuildPhase section */

/* Begin PBXShellScriptBuildPhase section */
		0D873F2B388A73DEB224004A /* [CP] Check Pods Manifest.lock */ = {
			isa = PBXShellScriptBuildPhase;
			buildActionMask = 2147483647;
			files = (
			);
			inputFileListPaths = (
			);
			inputPaths = (
				"${PODS_PODFILE_DIR_PATH}/Podfile.lock",
				"${PODS_ROOT}/Manifest.lock",
			);
			name = "[CP] Check Pods Manifest.lock";
			outputFileListPaths = (
			);
			outputPaths = (
				"$(DERIVED_FILE_DIR)/Pods-teslamote WatchKit App-checkManifestLockResult.txt",
			);
			runOnlyForDeploymentPostprocessing = 0;
			shellPath = /bin/sh;
			shellScript = "diff \"${PODS_PODFILE_DIR_PATH}/Podfile.lock\" \"${PODS_ROOT}/Manifest.lock\" > /dev/null\nif [ $? != 0 ] ; then\n    # print error to STDERR\n    echo \"error: The sandbox is not in sync with the Podfile.lock. Run 'pod install' or update your CocoaPods installation.\" >&2\n    exit 1\nfi\n# This output is used by Xcode 'outputs' to avoid re-running this script phase.\necho \"SUCCESS\" > \"${SCRIPT_OUTPUT_FILE_0}\"\n";
			showEnvVarsInLog = 0;
		};
		386E16BED2B60CC8504FDA1C /* [CP] Embed Pods Frameworks */ = {
			isa = PBXShellScriptBuildPhase;
			buildActionMask = 2147483647;
			files = (
			);
			inputFileListPaths = (
			);
			inputPaths = (
				"${SRCROOT}/Pods/Target Support Files/Pods-teslamote/Pods-teslamote-frameworks.sh",
				"${BUILT_PRODUCTS_DIR}/ObjectMapper-iOS/ObjectMapper.framework",
				"${BUILT_PRODUCTS_DIR}/Realm/Realm.framework",
				"${BUILT_PRODUCTS_DIR}/RealmSwift/RealmSwift.framework",
				"${BUILT_PRODUCTS_DIR}/TeslaKit-iOS/TeslaKit.framework",
			);
			name = "[CP] Embed Pods Frameworks";
			outputFileListPaths = (
			);
			outputPaths = (
				"${TARGET_BUILD_DIR}/${FRAMEWORKS_FOLDER_PATH}/ObjectMapper.framework",
				"${TARGET_BUILD_DIR}/${FRAMEWORKS_FOLDER_PATH}/Realm.framework",
				"${TARGET_BUILD_DIR}/${FRAMEWORKS_FOLDER_PATH}/RealmSwift.framework",
				"${TARGET_BUILD_DIR}/${FRAMEWORKS_FOLDER_PATH}/TeslaKit.framework",
			);
			runOnlyForDeploymentPostprocessing = 0;
			shellPath = /bin/sh;
			shellScript = "\"${SRCROOT}/Pods/Target Support Files/Pods-teslamote/Pods-teslamote-frameworks.sh\"\n";
			showEnvVarsInLog = 0;
		};
		662571BA017FCE3DCBE5253B /* [CP] Check Pods Manifest.lock */ = {
			isa = PBXShellScriptBuildPhase;
			buildActionMask = 2147483647;
			files = (
			);
			inputFileListPaths = (
			);
			inputPaths = (
				"${PODS_PODFILE_DIR_PATH}/Podfile.lock",
				"${PODS_ROOT}/Manifest.lock",
			);
			name = "[CP] Check Pods Manifest.lock";
			outputFileListPaths = (
			);
			outputPaths = (
				"$(DERIVED_FILE_DIR)/Pods-teslamoteTests-checkManifestLockResult.txt",
			);
			runOnlyForDeploymentPostprocessing = 0;
			shellPath = /bin/sh;
			shellScript = "diff \"${PODS_PODFILE_DIR_PATH}/Podfile.lock\" \"${PODS_ROOT}/Manifest.lock\" > /dev/null\nif [ $? != 0 ] ; then\n    # print error to STDERR\n    echo \"error: The sandbox is not in sync with the Podfile.lock. Run 'pod install' or update your CocoaPods installation.\" >&2\n    exit 1\nfi\n# This output is used by Xcode 'outputs' to avoid re-running this script phase.\necho \"SUCCESS\" > \"${SCRIPT_OUTPUT_FILE_0}\"\n";
			showEnvVarsInLog = 0;
		};
		7C1A0DE68EEE6E797F6016A4 /* [CP] Check Pods Manifest.lock */ = {
			isa = PBXShellScriptBuildPhase;
			buildActionMask = 2147483647;
			files = (
			);
			inputFileListPaths = (
			);
			inputPaths = (
				"${PODS_PODFILE_DIR_PATH}/Podfile.lock",
				"${PODS_ROOT}/Manifest.lock",
			);
			name = "[CP] Check Pods Manifest.lock";
			outputFileListPaths = (
			);
			outputPaths = (
				"$(DERIVED_FILE_DIR)/Pods-teslamoteUITests-checkManifestLockResult.txt",
			);
			runOnlyForDeploymentPostprocessing = 0;
			shellPath = /bin/sh;
			shellScript = "diff \"${PODS_PODFILE_DIR_PATH}/Podfile.lock\" \"${PODS_ROOT}/Manifest.lock\" > /dev/null\nif [ $? != 0 ] ; then\n    # print error to STDERR\n    echo \"error: The sandbox is not in sync with the Podfile.lock. Run 'pod install' or update your CocoaPods installation.\" >&2\n    exit 1\nfi\n# This output is used by Xcode 'outputs' to avoid re-running this script phase.\necho \"SUCCESS\" > \"${SCRIPT_OUTPUT_FILE_0}\"\n";
			showEnvVarsInLog = 0;
		};
		CDB166D3BAFC86D349024DDC /* [CP] Embed Pods Frameworks */ = {
			isa = PBXShellScriptBuildPhase;
			buildActionMask = 2147483647;
			files = (
			);
			inputFileListPaths = (
			);
			inputPaths = (
				"${SRCROOT}/Pods/Target Support Files/Pods-teslamote WatchKit Extension/Pods-teslamote WatchKit Extension-frameworks.sh",
				"${BUILT_PRODUCTS_DIR}/ObjectMapper-watchOS/ObjectMapper.framework",
				"${BUILT_PRODUCTS_DIR}/TeslaKit-watchOS/TeslaKit.framework",
				"${BUILT_PRODUCTS_DIR}/EMTLoadingIndicator/EMTLoadingIndicator.framework",
			);
			name = "[CP] Embed Pods Frameworks";
			outputFileListPaths = (
			);
			outputPaths = (
				"${TARGET_BUILD_DIR}/${FRAMEWORKS_FOLDER_PATH}/ObjectMapper.framework",
				"${TARGET_BUILD_DIR}/${FRAMEWORKS_FOLDER_PATH}/TeslaKit.framework",
				"${TARGET_BUILD_DIR}/${FRAMEWORKS_FOLDER_PATH}/EMTLoadingIndicator.framework",
			);
			runOnlyForDeploymentPostprocessing = 0;
			shellPath = /bin/sh;
			shellScript = "\"${SRCROOT}/Pods/Target Support Files/Pods-teslamote WatchKit Extension/Pods-teslamote WatchKit Extension-frameworks.sh\"\n";
			showEnvVarsInLog = 0;
		};
		EB7997F4F4BB89918C9080F6 /* [CP] Check Pods Manifest.lock */ = {
			isa = PBXShellScriptBuildPhase;
			buildActionMask = 2147483647;
			files = (
			);
			inputFileListPaths = (
			);
			inputPaths = (
				"${PODS_PODFILE_DIR_PATH}/Podfile.lock",
				"${PODS_ROOT}/Manifest.lock",
			);
			name = "[CP] Check Pods Manifest.lock";
			outputFileListPaths = (
			);
			outputPaths = (
				"$(DERIVED_FILE_DIR)/Pods-teslamote WatchKit Extension-checkManifestLockResult.txt",
			);
			runOnlyForDeploymentPostprocessing = 0;
			shellPath = /bin/sh;
			shellScript = "diff \"${PODS_PODFILE_DIR_PATH}/Podfile.lock\" \"${PODS_ROOT}/Manifest.lock\" > /dev/null\nif [ $? != 0 ] ; then\n    # print error to STDERR\n    echo \"error: The sandbox is not in sync with the Podfile.lock. Run 'pod install' or update your CocoaPods installation.\" >&2\n    exit 1\nfi\n# This output is used by Xcode 'outputs' to avoid re-running this script phase.\necho \"SUCCESS\" > \"${SCRIPT_OUTPUT_FILE_0}\"\n";
			showEnvVarsInLog = 0;
		};
		FE2FC6C40B07D8DE3E02E457 /* [CP] Check Pods Manifest.lock */ = {
			isa = PBXShellScriptBuildPhase;
			buildActionMask = 2147483647;
			files = (
			);
			inputFileListPaths = (
			);
			inputPaths = (
				"${PODS_PODFILE_DIR_PATH}/Podfile.lock",
				"${PODS_ROOT}/Manifest.lock",
			);
			name = "[CP] Check Pods Manifest.lock";
			outputFileListPaths = (
			);
			outputPaths = (
				"$(DERIVED_FILE_DIR)/Pods-teslamote-checkManifestLockResult.txt",
			);
			runOnlyForDeploymentPostprocessing = 0;
			shellPath = /bin/sh;
			shellScript = "diff \"${PODS_PODFILE_DIR_PATH}/Podfile.lock\" \"${PODS_ROOT}/Manifest.lock\" > /dev/null\nif [ $? != 0 ] ; then\n    # print error to STDERR\n    echo \"error: The sandbox is not in sync with the Podfile.lock. Run 'pod install' or update your CocoaPods installation.\" >&2\n    exit 1\nfi\n# This output is used by Xcode 'outputs' to avoid re-running this script phase.\necho \"SUCCESS\" > \"${SCRIPT_OUTPUT_FILE_0}\"\n";
			showEnvVarsInLog = 0;
		};
/* End PBXShellScriptBuildPhase section */

/* Begin PBXSourcesBuildPhase section */
		3BEB50F92272FFEC002AFDA1 /* Sources */ = {
			isa = PBXSourcesBuildPhase;
			buildActionMask = 2147483647;
			files = (
				3BEB51032272FFEC002AFDA1 /* ViewController.swift in Sources */,
				3B08F1CA227396A800CA761F /* SessionHandler.swift in Sources */,
				3BEB51012272FFEC002AFDA1 /* AppDelegate.swift in Sources */,
				3B4CC0DF22739F0F001C4FDA /* Login.swift in Sources */,
				3B4CC0E122739F61001C4FDA /* AccessToken.swift in Sources */,
			);
			runOnlyForDeploymentPostprocessing = 0;
		};
		3BEB510D2272FFEE002AFDA1 /* Sources */ = {
			isa = PBXSourcesBuildPhase;
			buildActionMask = 2147483647;
			files = (
				3BEB51162272FFEE002AFDA1 /* teslamoteTests.swift in Sources */,
			);
			runOnlyForDeploymentPostprocessing = 0;
		};
		3BEB51182272FFEE002AFDA1 /* Sources */ = {
			isa = PBXSourcesBuildPhase;
			buildActionMask = 2147483647;
			files = (
				3BEB51212272FFEE002AFDA1 /* teslamoteUITests.swift in Sources */,
			);
			runOnlyForDeploymentPostprocessing = 0;
		};
		3BEB51302272FFEF002AFDA1 /* Sources */ = {
			isa = PBXSourcesBuildPhase;
			buildActionMask = 2147483647;
			files = (
				3BA697F3227850F4005E097B /* ChargingController.swift in Sources */,
				3BEB513E2272FFEF002AFDA1 /* NotificationController.swift in Sources */,
				3BEB513C2272FFEF002AFDA1 /* ExtensionDelegate.swift in Sources */,
				3B8B753222782CC000438B5D /* ControlsController.swift in Sources */,
				3B1270AD22779A68008F2F1D /* SessionManager.swift in Sources */,
				3B8818762279CF9F00D87D43 /* ClimateController.swift in Sources */,
				3BEB513A2272FFEF002AFDA1 /* InterfaceController.swift in Sources */,
				3B754CCB22789084007F2CCB /* LocationController.swift in Sources */,
			);
			runOnlyForDeploymentPostprocessing = 0;
		};
/* End PBXSourcesBuildPhase section */

/* Begin PBXTargetDependency section */
		3BEB51132272FFEE002AFDA1 /* PBXTargetDependency */ = {
			isa = PBXTargetDependency;
			target = 3BEB50FC2272FFEC002AFDA1 /* teslamote */;
			targetProxy = 3BEB51122272FFEE002AFDA1 /* PBXContainerItemProxy */;
		};
		3BEB511E2272FFEE002AFDA1 /* PBXTargetDependency */ = {
			isa = PBXTargetDependency;
			target = 3BEB50FC2272FFEC002AFDA1 /* teslamote */;
			targetProxy = 3BEB511D2272FFEE002AFDA1 /* PBXContainerItemProxy */;
		};
		3BEB51282272FFEE002AFDA1 /* PBXTargetDependency */ = {
			isa = PBXTargetDependency;
			target = 3BEB51242272FFEE002AFDA1 /* teslamote WatchKit App */;
			targetProxy = 3BEB51272272FFEE002AFDA1 /* PBXContainerItemProxy */;
		};
		3BEB51372272FFEF002AFDA1 /* PBXTargetDependency */ = {
			isa = PBXTargetDependency;
			target = 3BEB51332272FFEF002AFDA1 /* teslamote WatchKit Extension */;
			targetProxy = 3BEB51362272FFEF002AFDA1 /* PBXContainerItemProxy */;
		};
/* End PBXTargetDependency section */

/* Begin PBXVariantGroup section */
		3BEB51042272FFEC002AFDA1 /* Main.storyboard */ = {
			isa = PBXVariantGroup;
			children = (
				3BEB51052272FFEC002AFDA1 /* Base */,
			);
			name = Main.storyboard;
			sourceTree = "<group>";
		};
		3BEB51092272FFEE002AFDA1 /* LaunchScreen.storyboard */ = {
			isa = PBXVariantGroup;
			children = (
				3BEB510A2272FFEE002AFDA1 /* Base */,
			);
			name = LaunchScreen.storyboard;
			sourceTree = "<group>";
		};
		3BEB512A2272FFEE002AFDA1 /* Interface.storyboard */ = {
			isa = PBXVariantGroup;
			children = (
				3BEB512B2272FFEE002AFDA1 /* Base */,
			);
			name = Interface.storyboard;
			sourceTree = "<group>";
		};
/* End PBXVariantGroup section */

/* Begin XCBuildConfiguration section */
		3BEB51432272FFF0002AFDA1 /* Debug */ = {
			isa = XCBuildConfiguration;
			buildSettings = {
				ALWAYS_SEARCH_USER_PATHS = NO;
				CLANG_ANALYZER_NONNULL = YES;
				CLANG_ANALYZER_NUMBER_OBJECT_CONVERSION = YES_AGGRESSIVE;
				CLANG_CXX_LANGUAGE_STANDARD = "gnu++14";
				CLANG_CXX_LIBRARY = "libc++";
				CLANG_ENABLE_MODULES = YES;
				CLANG_ENABLE_OBJC_ARC = YES;
				CLANG_ENABLE_OBJC_WEAK = YES;
				CLANG_WARN_BLOCK_CAPTURE_AUTORELEASING = YES;
				CLANG_WARN_BOOL_CONVERSION = YES;
				CLANG_WARN_COMMA = YES;
				CLANG_WARN_CONSTANT_CONVERSION = YES;
				CLANG_WARN_DEPRECATED_OBJC_IMPLEMENTATIONS = YES;
				CLANG_WARN_DIRECT_OBJC_ISA_USAGE = YES_ERROR;
				CLANG_WARN_DOCUMENTATION_COMMENTS = YES;
				CLANG_WARN_EMPTY_BODY = YES;
				CLANG_WARN_ENUM_CONVERSION = YES;
				CLANG_WARN_INFINITE_RECURSION = YES;
				CLANG_WARN_INT_CONVERSION = YES;
				CLANG_WARN_NON_LITERAL_NULL_CONVERSION = YES;
				CLANG_WARN_OBJC_IMPLICIT_RETAIN_SELF = YES;
				CLANG_WARN_OBJC_LITERAL_CONVERSION = YES;
				CLANG_WARN_OBJC_ROOT_CLASS = YES_ERROR;
				CLANG_WARN_RANGE_LOOP_ANALYSIS = YES;
				CLANG_WARN_STRICT_PROTOTYPES = YES;
				CLANG_WARN_SUSPICIOUS_MOVE = YES;
				CLANG_WARN_UNGUARDED_AVAILABILITY = YES_AGGRESSIVE;
				CLANG_WARN_UNREACHABLE_CODE = YES;
				CLANG_WARN__DUPLICATE_METHOD_MATCH = YES;
				CODE_SIGN_IDENTITY = "iPhone Developer";
				COPY_PHASE_STRIP = NO;
				DEBUG_INFORMATION_FORMAT = dwarf;
				ENABLE_STRICT_OBJC_MSGSEND = YES;
				ENABLE_TESTABILITY = YES;
				GCC_C_LANGUAGE_STANDARD = gnu11;
				GCC_DYNAMIC_NO_PIC = NO;
				GCC_NO_COMMON_BLOCKS = YES;
				GCC_OPTIMIZATION_LEVEL = 0;
				GCC_PREPROCESSOR_DEFINITIONS = (
					"DEBUG=1",
					"$(inherited)",
				);
				GCC_WARN_64_TO_32_BIT_CONVERSION = YES;
				GCC_WARN_ABOUT_RETURN_TYPE = YES_ERROR;
				GCC_WARN_UNDECLARED_SELECTOR = YES;
				GCC_WARN_UNINITIALIZED_AUTOS = YES_AGGRESSIVE;
				GCC_WARN_UNUSED_FUNCTION = YES;
				GCC_WARN_UNUSED_VARIABLE = YES;
				IPHONEOS_DEPLOYMENT_TARGET = 12.2;
				MTL_ENABLE_DEBUG_INFO = INCLUDE_SOURCE;
				MTL_FAST_MATH = YES;
				ONLY_ACTIVE_ARCH = YES;
				SDKROOT = iphoneos;
				SWIFT_ACTIVE_COMPILATION_CONDITIONS = DEBUG;
				SWIFT_OPTIMIZATION_LEVEL = "-Onone";
			};
			name = Debug;
		};
		3BEB51442272FFF0002AFDA1 /* Release */ = {
			isa = XCBuildConfiguration;
			buildSettings = {
				ALWAYS_SEARCH_USER_PATHS = NO;
				CLANG_ANALYZER_NONNULL = YES;
				CLANG_ANALYZER_NUMBER_OBJECT_CONVERSION = YES_AGGRESSIVE;
				CLANG_CXX_LANGUAGE_STANDARD = "gnu++14";
				CLANG_CXX_LIBRARY = "libc++";
				CLANG_ENABLE_MODULES = YES;
				CLANG_ENABLE_OBJC_ARC = YES;
				CLANG_ENABLE_OBJC_WEAK = YES;
				CLANG_WARN_BLOCK_CAPTURE_AUTORELEASING = YES;
				CLANG_WARN_BOOL_CONVERSION = YES;
				CLANG_WARN_COMMA = YES;
				CLANG_WARN_CONSTANT_CONVERSION = YES;
				CLANG_WARN_DEPRECATED_OBJC_IMPLEMENTATIONS = YES;
				CLANG_WARN_DIRECT_OBJC_ISA_USAGE = YES_ERROR;
				CLANG_WARN_DOCUMENTATION_COMMENTS = YES;
				CLANG_WARN_EMPTY_BODY = YES;
				CLANG_WARN_ENUM_CONVERSION = YES;
				CLANG_WARN_INFINITE_RECURSION = YES;
				CLANG_WARN_INT_CONVERSION = YES;
				CLANG_WARN_NON_LITERAL_NULL_CONVERSION = YES;
				CLANG_WARN_OBJC_IMPLICIT_RETAIN_SELF = YES;
				CLANG_WARN_OBJC_LITERAL_CONVERSION = YES;
				CLANG_WARN_OBJC_ROOT_CLASS = YES_ERROR;
				CLANG_WARN_RANGE_LOOP_ANALYSIS = YES;
				CLANG_WARN_STRICT_PROTOTYPES = YES;
				CLANG_WARN_SUSPICIOUS_MOVE = YES;
				CLANG_WARN_UNGUARDED_AVAILABILITY = YES_AGGRESSIVE;
				CLANG_WARN_UNREACHABLE_CODE = YES;
				CLANG_WARN__DUPLICATE_METHOD_MATCH = YES;
				CODE_SIGN_IDENTITY = "iPhone Developer";
				COPY_PHASE_STRIP = NO;
				DEBUG_INFORMATION_FORMAT = "dwarf-with-dsym";
				ENABLE_NS_ASSERTIONS = NO;
				ENABLE_STRICT_OBJC_MSGSEND = YES;
				GCC_C_LANGUAGE_STANDARD = gnu11;
				GCC_NO_COMMON_BLOCKS = YES;
				GCC_WARN_64_TO_32_BIT_CONVERSION = YES;
				GCC_WARN_ABOUT_RETURN_TYPE = YES_ERROR;
				GCC_WARN_UNDECLARED_SELECTOR = YES;
				GCC_WARN_UNINITIALIZED_AUTOS = YES_AGGRESSIVE;
				GCC_WARN_UNUSED_FUNCTION = YES;
				GCC_WARN_UNUSED_VARIABLE = YES;
				IPHONEOS_DEPLOYMENT_TARGET = 12.2;
				MTL_ENABLE_DEBUG_INFO = NO;
				MTL_FAST_MATH = YES;
				SDKROOT = iphoneos;
				SWIFT_COMPILATION_MODE = wholemodule;
				SWIFT_OPTIMIZATION_LEVEL = "-O";
				VALIDATE_PRODUCT = YES;
			};
			name = Release;
		};
		3BEB51462272FFF0002AFDA1 /* Debug */ = {
			isa = XCBuildConfiguration;
			baseConfigurationReference = EF119DCC4445B1B358B5B284 /* Pods-teslamote WatchKit Extension.debug.xcconfig */;
			buildSettings = {
				ASSETCATALOG_COMPILER_COMPLICATION_NAME = Complication;
				CODE_SIGN_STYLE = Automatic;
				DEVELOPMENT_TEAM = 48XAPJ6DGL;
				INFOPLIST_FILE = "teslamote WatchKit Extension/Info.plist";
				LD_RUNPATH_SEARCH_PATHS = (
					"$(inherited)",
					"@executable_path/Frameworks",
					"@executable_path/../../Frameworks",
				);
				PRODUCT_BUNDLE_IDENTIFIER = ch.lscher.teslamote.watchkitapp.watchkitextension;
				PRODUCT_NAME = "${TARGET_NAME}";
				SDKROOT = watchos;
				SKIP_INSTALL = YES;
				SWIFT_VERSION = 4.2;
				TARGETED_DEVICE_FAMILY = 4;
				WATCHOS_DEPLOYMENT_TARGET = 5.0;
			};
			name = Debug;
		};
		3BEB51472272FFF0002AFDA1 /* Release */ = {
			isa = XCBuildConfiguration;
			baseConfigurationReference = 3B317AC166AC49DD7ECB0156 /* Pods-teslamote WatchKit Extension.release.xcconfig */;
			buildSettings = {
				ASSETCATALOG_COMPILER_COMPLICATION_NAME = Complication;
				CODE_SIGN_STYLE = Automatic;
				DEVELOPMENT_TEAM = 48XAPJ6DGL;
				INFOPLIST_FILE = "teslamote WatchKit Extension/Info.plist";
				LD_RUNPATH_SEARCH_PATHS = (
					"$(inherited)",
					"@executable_path/Frameworks",
					"@executable_path/../../Frameworks",
				);
				PRODUCT_BUNDLE_IDENTIFIER = ch.lscher.teslamote.watchkitapp.watchkitextension;
				PRODUCT_NAME = "${TARGET_NAME}";
				SDKROOT = watchos;
				SKIP_INSTALL = YES;
				SWIFT_VERSION = 4.2;
				TARGETED_DEVICE_FAMILY = 4;
				WATCHOS_DEPLOYMENT_TARGET = 5.0;
			};
			name = Release;
		};
		3BEB514A2272FFF0002AFDA1 /* Debug */ = {
			isa = XCBuildConfiguration;
			baseConfigurationReference = 66F13300EA99F075115D07AC /* Pods-teslamote WatchKit App.debug.xcconfig */;
			buildSettings = {
				ALWAYS_EMBED_SWIFT_STANDARD_LIBRARIES = YES;
				ASSETCATALOG_COMPILER_APPICON_NAME = AppIcon;
				CODE_SIGN_STYLE = Automatic;
				DEVELOPMENT_TEAM = 48XAPJ6DGL;
				IBSC_MODULE = teslamote_WatchKit_Extension;
				INFOPLIST_FILE = "teslamote WatchKit App/Info.plist";
				PRODUCT_BUNDLE_IDENTIFIER = ch.lscher.teslamote.watchkitapp;
				PRODUCT_NAME = "$(TARGET_NAME)";
				SDKROOT = watchos;
				SKIP_INSTALL = YES;
				SWIFT_VERSION = 4.2;
				TARGETED_DEVICE_FAMILY = 4;
				WATCHOS_DEPLOYMENT_TARGET = 5.0;
			};
			name = Debug;
		};
		3BEB514B2272FFF0002AFDA1 /* Release */ = {
			isa = XCBuildConfiguration;
			baseConfigurationReference = C1E1B12250DE19E78F9A49E3 /* Pods-teslamote WatchKit App.release.xcconfig */;
			buildSettings = {
				ALWAYS_EMBED_SWIFT_STANDARD_LIBRARIES = YES;
				ASSETCATALOG_COMPILER_APPICON_NAME = AppIcon;
				CODE_SIGN_STYLE = Automatic;
				DEVELOPMENT_TEAM = 48XAPJ6DGL;
				IBSC_MODULE = teslamote_WatchKit_Extension;
				INFOPLIST_FILE = "teslamote WatchKit App/Info.plist";
				PRODUCT_BUNDLE_IDENTIFIER = ch.lscher.teslamote.watchkitapp;
				PRODUCT_NAME = "$(TARGET_NAME)";
				SDKROOT = watchos;
				SKIP_INSTALL = YES;
				SWIFT_VERSION = 4.2;
				TARGETED_DEVICE_FAMILY = 4;
				WATCHOS_DEPLOYMENT_TARGET = 5.0;
			};
			name = Release;
		};
		3BEB514E2272FFF0002AFDA1 /* Debug */ = {
			isa = XCBuildConfiguration;
			baseConfigurationReference = FA3522F6FEF393CF1F7DBCA6 /* Pods-teslamote.debug.xcconfig */;
			buildSettings = {
				ASSETCATALOG_COMPILER_APPICON_NAME = AppIcon;
				CODE_SIGN_ENTITLEMENTS = teslamote/teslamote.entitlements;
				CODE_SIGN_STYLE = Automatic;
				DEVELOPMENT_TEAM = 48XAPJ6DGL;
				HEADER_SEARCH_PATHS = (
					"$(inherited)",
					"\"${PODS_CONFIGURATION_BUILD_DIR}/ObjectMapper/ObjectMapper.framework/Headers\"",
					"\"${PODS_CONFIGURATION_BUILD_DIR}/Realm/Realm.framework/Headers\"",
					"\"${PODS_CONFIGURATION_BUILD_DIR}/RealmSwift/RealmSwift.framework/Headers\"",
					"\"${PODS_CONFIGURATION_BUILD_DIR}/TeslaKit/TeslaKit.framework/Headers\"",
					"$(SRCROOT)/Pods",
				);
				INFOPLIST_FILE = teslamote/Info.plist;
				IPHONEOS_DEPLOYMENT_TARGET = 12.0;
				LD_RUNPATH_SEARCH_PATHS = (
					"$(inherited)",
					"@executable_path/Frameworks",
				);
				PRODUCT_BUNDLE_IDENTIFIER = ch.lscher.teslamote;
				PRODUCT_NAME = "$(TARGET_NAME)";
				SWIFT_VERSION = 4.2;
				TARGETED_DEVICE_FAMILY = 1;
			};
			name = Debug;
		};
		3BEB514F2272FFF0002AFDA1 /* Release */ = {
			isa = XCBuildConfiguration;
			baseConfigurationReference = 9A6B9295A302FA0A6026367D /* Pods-teslamote.release.xcconfig */;
			buildSettings = {
				ASSETCATALOG_COMPILER_APPICON_NAME = AppIcon;
				CODE_SIGN_ENTITLEMENTS = teslamote/teslamote.entitlements;
				CODE_SIGN_STYLE = Automatic;
				DEVELOPMENT_TEAM = 48XAPJ6DGL;
				HEADER_SEARCH_PATHS = (
					"$(inherited)",
					"\"${PODS_CONFIGURATION_BUILD_DIR}/ObjectMapper/ObjectMapper.framework/Headers\"",
					"\"${PODS_CONFIGURATION_BUILD_DIR}/Realm/Realm.framework/Headers\"",
					"\"${PODS_CONFIGURATION_BUILD_DIR}/RealmSwift/RealmSwift.framework/Headers\"",
					"\"${PODS_CONFIGURATION_BUILD_DIR}/TeslaKit/TeslaKit.framework/Headers\"",
					"$(SRCROOT)/Pods",
				);
				INFOPLIST_FILE = teslamote/Info.plist;
				IPHONEOS_DEPLOYMENT_TARGET = 12.0;
				LD_RUNPATH_SEARCH_PATHS = (
					"$(inherited)",
					"@executable_path/Frameworks",
				);
				PRODUCT_BUNDLE_IDENTIFIER = ch.lscher.teslamote;
				PRODUCT_NAME = "$(TARGET_NAME)";
				SWIFT_VERSION = 4.2;
				TARGETED_DEVICE_FAMILY = 1;
			};
			name = Release;
		};
		3BEB51512272FFF0002AFDA1 /* Debug */ = {
			isa = XCBuildConfiguration;
			baseConfigurationReference = B63445DFF6869541AE2C8BEA /* Pods-teslamoteTests.debug.xcconfig */;
			buildSettings = {
				ALWAYS_EMBED_SWIFT_STANDARD_LIBRARIES = YES;
				BUNDLE_LOADER = "$(TEST_HOST)";
				CODE_SIGN_STYLE = Automatic;
				DEVELOPMENT_TEAM = 48XAPJ6DGL;
				INFOPLIST_FILE = teslamoteTests/Info.plist;
				LD_RUNPATH_SEARCH_PATHS = (
					"$(inherited)",
					"@executable_path/Frameworks",
					"@loader_path/Frameworks",
				);
				PRODUCT_BUNDLE_IDENTIFIER = ch.lscher.teslamoteTests;
				PRODUCT_NAME = "$(TARGET_NAME)";
				SWIFT_VERSION = 4.2;
				TARGETED_DEVICE_FAMILY = "1,2";
				TEST_HOST = "$(BUILT_PRODUCTS_DIR)/teslamote.app/teslamote";
			};
			name = Debug;
		};
		3BEB51522272FFF0002AFDA1 /* Release */ = {
			isa = XCBuildConfiguration;
			baseConfigurationReference = C5B23ECA4C1EEA10CC8AAA61 /* Pods-teslamoteTests.release.xcconfig */;
			buildSettings = {
				ALWAYS_EMBED_SWIFT_STANDARD_LIBRARIES = YES;
				BUNDLE_LOADER = "$(TEST_HOST)";
				CODE_SIGN_STYLE = Automatic;
				DEVELOPMENT_TEAM = 48XAPJ6DGL;
				INFOPLIST_FILE = teslamoteTests/Info.plist;
				LD_RUNPATH_SEARCH_PATHS = (
					"$(inherited)",
					"@executable_path/Frameworks",
					"@loader_path/Frameworks",
				);
				PRODUCT_BUNDLE_IDENTIFIER = ch.lscher.teslamoteTests;
				PRODUCT_NAME = "$(TARGET_NAME)";
				SWIFT_VERSION = 4.2;
				TARGETED_DEVICE_FAMILY = "1,2";
				TEST_HOST = "$(BUILT_PRODUCTS_DIR)/teslamote.app/teslamote";
			};
			name = Release;
		};
		3BEB51542272FFF0002AFDA1 /* Debug */ = {
			isa = XCBuildConfiguration;
			baseConfigurationReference = 3D4F35ED91C1BE32F1F0158F /* Pods-teslamoteUITests.debug.xcconfig */;
			buildSettings = {
				ALWAYS_EMBED_SWIFT_STANDARD_LIBRARIES = YES;
				CODE_SIGN_STYLE = Automatic;
				DEVELOPMENT_TEAM = 48XAPJ6DGL;
				INFOPLIST_FILE = teslamoteUITests/Info.plist;
				LD_RUNPATH_SEARCH_PATHS = (
					"$(inherited)",
					"@executable_path/Frameworks",
					"@loader_path/Frameworks",
				);
				PRODUCT_BUNDLE_IDENTIFIER = ch.lscher.teslamoteUITests;
				PRODUCT_NAME = "$(TARGET_NAME)";
				SWIFT_VERSION = 4.2;
				TARGETED_DEVICE_FAMILY = "1,2";
				TEST_TARGET_NAME = teslamote;
			};
			name = Debug;
		};
		3BEB51552272FFF0002AFDA1 /* Release */ = {
			isa = XCBuildConfiguration;
			baseConfigurationReference = 4AE19EA8BBD67053757B6A97 /* Pods-teslamoteUITests.release.xcconfig */;
			buildSettings = {
				ALWAYS_EMBED_SWIFT_STANDARD_LIBRARIES = YES;
				CODE_SIGN_STYLE = Automatic;
				DEVELOPMENT_TEAM = 48XAPJ6DGL;
				INFOPLIST_FILE = teslamoteUITests/Info.plist;
				LD_RUNPATH_SEARCH_PATHS = (
					"$(inherited)",
					"@executable_path/Frameworks",
					"@loader_path/Frameworks",
				);
				PRODUCT_BUNDLE_IDENTIFIER = ch.lscher.teslamoteUITests;
				PRODUCT_NAME = "$(TARGET_NAME)";
				SWIFT_VERSION = 4.2;
				TARGETED_DEVICE_FAMILY = "1,2";
				TEST_TARGET_NAME = teslamote;
			};
			name = Release;
		};
/* End XCBuildConfiguration section */

/* Begin XCConfigurationList section */
		3BEB50F82272FFEC002AFDA1 /* Build configuration list for PBXProject "teslamote" */ = {
			isa = XCConfigurationList;
			buildConfigurations = (
				3BEB51432272FFF0002AFDA1 /* Debug */,
				3BEB51442272FFF0002AFDA1 /* Release */,
			);
			defaultConfigurationIsVisible = 0;
			defaultConfigurationName = Release;
		};
		3BEB51452272FFF0002AFDA1 /* Build configuration list for PBXNativeTarget "teslamote WatchKit Extension" */ = {
			isa = XCConfigurationList;
			buildConfigurations = (
				3BEB51462272FFF0002AFDA1 /* Debug */,
				3BEB51472272FFF0002AFDA1 /* Release */,
			);
			defaultConfigurationIsVisible = 0;
			defaultConfigurationName = Release;
		};
		3BEB51492272FFF0002AFDA1 /* Build configuration list for PBXNativeTarget "teslamote WatchKit App" */ = {
			isa = XCConfigurationList;
			buildConfigurations = (
				3BEB514A2272FFF0002AFDA1 /* Debug */,
				3BEB514B2272FFF0002AFDA1 /* Release */,
			);
			defaultConfigurationIsVisible = 0;
			defaultConfigurationName = Release;
		};
		3BEB514D2272FFF0002AFDA1 /* Build configuration list for PBXNativeTarget "teslamote" */ = {
			isa = XCConfigurationList;
			buildConfigurations = (
				3BEB514E2272FFF0002AFDA1 /* Debug */,
				3BEB514F2272FFF0002AFDA1 /* Release */,
			);
			defaultConfigurationIsVisible = 0;
			defaultConfigurationName = Release;
		};
		3BEB51502272FFF0002AFDA1 /* Build configuration list for PBXNativeTarget "teslamoteTests" */ = {
			isa = XCConfigurationList;
			buildConfigurations = (
				3BEB51512272FFF0002AFDA1 /* Debug */,
				3BEB51522272FFF0002AFDA1 /* Release */,
			);
			defaultConfigurationIsVisible = 0;
			defaultConfigurationName = Release;
		};
		3BEB51532272FFF0002AFDA1 /* Build configuration list for PBXNativeTarget "teslamoteUITests" */ = {
			isa = XCConfigurationList;
			buildConfigurations = (
				3BEB51542272FFF0002AFDA1 /* Debug */,
				3BEB51552272FFF0002AFDA1 /* Release */,
			);
			defaultConfigurationIsVisible = 0;
			defaultConfigurationName = Release;
		};
/* End XCConfigurationList section */
	};
	rootObject = 3BEB50F52272FFEC002AFDA1 /* Project object */;
}
